
Microsoft Visual Studio Solution File, Format Version 12.00
# Visual Studio 15
VisualStudioVersion = 15.0.27130.2003
MinimumVisualStudioVersion = 10.0.40219.1
Project("{FAE04EC0-301F-11D3-BF4B-00C04F79EFBC}") = "Employee", "Employee\Employee.csproj", "{3733A4C7-2468-4305-8362-671C7C2A5203}"
EndProject
Global
	GlobalSection(SolutionConfigurationPlatforms) = preSolution
		Debug|Any CPU = Debug|Any CPU
		Release|Any CPU = Release|Any CPU
	EndGlobalSection
	GlobalSection(ProjectConfigurationPlatforms) = postSolution
		{3733A4C7-2468-4305-8362-671C7C2A5203}.Debug|Any CPU.ActiveCfg = Debug|Any CPU
		{3733A4C7-2468-4305-8362-671C7C2A5203}.Debug|Any CPU.Build.0 = Debug|Any CPU
		{3733A4C7-2468-4305-8362-671C7C2A5203}.Release|Any CPU.ActiveCfg = Release|Any CPU
		{3733A4C7-2468-4305-8362-671C7C2A5203}.Release|Any CPU.Build.0 = Release|Any CPU
	EndGlobalSection
	GlobalSection(SolutionProperties) = preSolution
		HideSolutionNode = FALSE
	EndGlobalSection
	GlobalSection(ExtensibilityGlobals) = postSolution
		SolutionGuid = {F51E5292-EB14-4238-A11E-D33F1493CF7E}
	EndGlobalSection
EndGlobal
