
Microsoft Visual Studio Solution File, Format Version 12.00
# Visual Studio 15
VisualStudioVersion = 15.0.27130.2003
MinimumVisualStudioVersion = 10.0.40219.1
Project("{FAE04EC0-301F-11D3-BF4B-00C04F79EFBC}") = "Firma", "Firma\Firma.csproj", "{39D82B72-1A9A-4A1F-9231-BB1F7E5BF7CF}"
EndProject
Global
	GlobalSection(SolutionConfigurationPlatforms) = preSolution
		Debug|Any CPU = Debug|Any CPU
		Release|Any CPU = Release|Any CPU
	EndGlobalSection
	GlobalSection(ProjectConfigurationPlatforms) = postSolution
		{39D82B72-1A9A-4A1F-9231-BB1F7E5BF7CF}.Debug|Any CPU.ActiveCfg = Debug|Any CPU
		{39D82B72-1A9A-4A1F-9231-BB1F7E5BF7CF}.Debug|Any CPU.Build.0 = Debug|Any CPU
		{39D82B72-1A9A-4A1F-9231-BB1F7E5BF7CF}.Release|Any CPU.ActiveCfg = Release|Any CPU
		{39D82B72-1A9A-4A1F-9231-BB1F7E5BF7CF}.Release|Any CPU.Build.0 = Release|Any CPU
	EndGlobalSection
	GlobalSection(SolutionProperties) = preSolution
		HideSolutionNode = FALSE
	EndGlobalSection
	GlobalSection(ExtensibilityGlobals) = postSolution
		SolutionGuid = {BCCCE0F0-8FD6-4324-B0E5-504F36CEF342}
	EndGlobalSection
EndGlobal
